<Solution>
  <Project Path="docker-compose/docker-compose.dcproj">
    <Build />
  </Project>
  <Project Path="Papra.Companion.Data/Papra.Companion.Data.csproj" />
  <Project Path="Papra.Companion.Tests/Papra.Companion.Tests.csproj" />
  <Project Path="Papra.Companion/Papra.Companion.csproj" />
</Solution>
